
Microsoft Visual Studio Solution File, Format Version 12.00
# Visual Studio 15
VisualStudioVersion = 15.0.28307.329
MinimumVisualStudioVersion = 10.0.40219.1
Project("{9A19103F-16F7-4668-BE54-9A1E7A4F7556}") = "HannoverRaveWebApp", "HannoverRaveWebApp\HannoverRaveWebApp.csproj", "{83575710-D32F-4F14-825B-1FD52CC399DB}"
EndProject
Project("{9A19103F-16F7-4668-BE54-9A1E7A4F7556}") = "API", "API\API.csproj", "{A84D2B4B-6BF6-49A5-994E-4B5C5CCCF065}"
EndProject
Project("{FAE04EC0-301F-11D3-BF4B-00C04F79EFBC}") = "Shared.Database", "Shared.Database\Shared.Database.csproj", "{249BA0D4-64BE-4057-BFDF-EE9EB5F96F02}"
EndProject
Project("{FAE04EC0-301F-11D3-BF4B-00C04F79EFBC}") = "Test", "Test\Test.csproj", "{156E5A63-0C45-455D-9B90-C80C578A9225}"
EndProject
Project("{FAE04EC0-301F-11D3-BF4B-00C04F79EFBC}") = "Shared.Models", "Shared.Models\Shared.Models.csproj", "{158B1184-CD3E-47E8-AA4A-F86C9A7C84A7}"
EndProject
Global
	GlobalSection(SolutionConfigurationPlatforms) = preSolution
		Debug|Any CPU = Debug|Any CPU
		Release|Any CPU = Release|Any CPU
	EndGlobalSection
	GlobalSection(ProjectConfigurationPlatforms) = postSolution
		{83575710-D32F-4F14-825B-1FD52CC399DB}.Debug|Any CPU.ActiveCfg = Debug|Any CPU
		{83575710-D32F-4F14-825B-1FD52CC399DB}.Debug|Any CPU.Build.0 = Debug|Any CPU
		{83575710-D32F-4F14-825B-1FD52CC399DB}.Release|Any CPU.ActiveCfg = Release|Any CPU
		{83575710-D32F-4F14-825B-1FD52CC399DB}.Release|Any CPU.Build.0 = Release|Any CPU
		{A84D2B4B-6BF6-49A5-994E-4B5C5CCCF065}.Debug|Any CPU.ActiveCfg = Debug|Any CPU
		{A84D2B4B-6BF6-49A5-994E-4B5C5CCCF065}.Debug|Any CPU.Build.0 = Debug|Any CPU
		{A84D2B4B-6BF6-49A5-994E-4B5C5CCCF065}.Release|Any CPU.ActiveCfg = Release|Any CPU
		{A84D2B4B-6BF6-49A5-994E-4B5C5CCCF065}.Release|Any CPU.Build.0 = Release|Any CPU
		{249BA0D4-64BE-4057-BFDF-EE9EB5F96F02}.Debug|Any CPU.ActiveCfg = Debug|Any CPU
		{249BA0D4-64BE-4057-BFDF-EE9EB5F96F02}.Debug|Any CPU.Build.0 = Debug|Any CPU
		{249BA0D4-64BE-4057-BFDF-EE9EB5F96F02}.Release|Any CPU.ActiveCfg = Release|Any CPU
		{249BA0D4-64BE-4057-BFDF-EE9EB5F96F02}.Release|Any CPU.Build.0 = Release|Any CPU
		{156E5A63-0C45-455D-9B90-C80C578A9225}.Debug|Any CPU.ActiveCfg = Debug|Any CPU
		{156E5A63-0C45-455D-9B90-C80C578A9225}.Debug|Any CPU.Build.0 = Debug|Any CPU
		{156E5A63-0C45-455D-9B90-C80C578A9225}.Release|Any CPU.ActiveCfg = Release|Any CPU
		{156E5A63-0C45-455D-9B90-C80C578A9225}.Release|Any CPU.Build.0 = Release|Any CPU
		{158B1184-CD3E-47E8-AA4A-F86C9A7C84A7}.Debug|Any CPU.ActiveCfg = Debug|Any CPU
		{158B1184-CD3E-47E8-AA4A-F86C9A7C84A7}.Debug|Any CPU.Build.0 = Debug|Any CPU
		{158B1184-CD3E-47E8-AA4A-F86C9A7C84A7}.Release|Any CPU.ActiveCfg = Release|Any CPU
		{158B1184-CD3E-47E8-AA4A-F86C9A7C84A7}.Release|Any CPU.Build.0 = Release|Any CPU
	EndGlobalSection
	GlobalSection(SolutionProperties) = preSolution
		HideSolutionNode = FALSE
	EndGlobalSection
	GlobalSection(ExtensibilityGlobals) = postSolution
		SolutionGuid = {1BE1EB2A-A8E2-4FC6-B08C-5C6C776DED51}
	EndGlobalSection
EndGlobal
